// !$*UTF8*$!
{
	archiveVersion = 1;
	classes = {
	};
	objectVersion = 46;
	objects = {

/* Begin PBXBuildFile section */
		A0242D941955C4B2006831C5 /* SubViewController.swift in Sources */ = {isa = PBXBuildFile; fileRef = A0242D931955C4B2006831C5 /* SubViewController.swift */; };
		A02A46DC1955A0100050144E /* AppDelegate.swift in Sources */ = {isa = PBXBuildFile; fileRef = A02A46DB1955A0100050144E /* AppDelegate.swift */; };
		A02A46DE1955A0100050144E /* Images.xcassets in Resources */ = {isa = PBXBuildFile; fileRef = A02A46DD1955A0100050144E /* Images.xcassets */; };
		A02A46EA1955A0100050144E /* UITableViewDemoTests.swift in Sources */ = {isa = PBXBuildFile; fileRef = A02A46E91955A0100050144E /* UITableViewDemoTests.swift */; };
		A02A46F41955A0310050144E /* RootViewController.swift in Sources */ = {isa = PBXBuildFile; fileRef = A02A46F31955A0310050144E /* RootViewController.swift */; };
		A06285D41955AF5D0079A920 /* green.png in Resources */ = {isa = PBXBuildFile; fileRef = A06285D31955AF5D0079A920 /* green.png */; };
/* End PBXBuildFile section */

/* Begin PBXContainerItemProxy section */
		A02A46E41955A0100050144E /* PBXContainerItemProxy */ = {
			isa = PBXContainerItemProxy;
			containerPortal = A02A46CE1955A0100050144E /* Project object */;
			proxyType = 1;
			remoteGlobalIDString = A02A46D51955A0100050144E;
			remoteInfo = UITableViewDemo;
		};
/* End PBXContainerItemProxy section */

/* Begin PBXFileReference section */
		A0242D931955C4B2006831C5 /* SubViewController.swift */ = {isa = PBXFileReference; fileEncoding = 4; lastKnownFileType = sourcecode.swift; path = SubViewController.swift; sourceTree = "<group>"; };
		A02A46D61955A0100050144E /* UITableViewDemo.app */ = {isa = PBXFileReference; explicitFileType = wrapper.application; includeInIndex = 0; path = UITableViewDemo.app; sourceTree = BUILT_PRODUCTS_DIR; };
		A02A46DA1955A0100050144E /* Info.plist */ = {isa = PBXFileReference; lastKnownFileType = text.plist.xml; path = Info.plist; sourceTree = "<group>"; };
		A02A46DB1955A0100050144E /* AppDelegate.swift */ = {isa = PBXFileReference; lastKnownFileType = sourcecode.swift; path = AppDelegate.swift; sourceTree = "<group>"; };
		A02A46DD1955A0100050144E /* Images.xcassets */ = {isa = PBXFileReference; lastKnownFileType = folder.assetcatalog; path = Images.xcassets; sourceTree = "<group>"; };
		A02A46E31955A0100050144E /* UITableViewDemoTests.xctest */ = {isa = PBXFileReference; explicitFileType = wrapper.cfbundle; includeInIndex = 0; path = UITableViewDemoTests.xctest; sourceTree = BUILT_PRODUCTS_DIR; };
		A02A46E81955A0100050144E /* Info.plist */ = {isa = PBXFileReference; lastKnownFileType = text.plist.xml; path = Info.plist; sourceTree = "<group>"; };
		A02A46E91955A0100050144E /* UITableViewDemoTests.swift */ = {isa = PBXFileReference; lastKnownFileType = sourcecode.swift; path = UITableViewDemoTests.swift; sourceTree = "<group>"; };
		A02A46F31955A0310050144E /* RootViewController.swift */ = {isa = PBXFileReference; fileEncoding = 4; lastKnownFileType = sourcecode.swift; path = RootViewController.swift; sourceTree = "<group>"; };
		A06285D31955AF5D0079A920 /* green.png */ = {isa = PBXFileReference; lastKnownFileType = image.png; name = green.png; path = ../../../tab/green.png; sourceTree = "<group>"; };
/* End PBXFileReference section */

/* Begin PBXFrameworksBuildPhase section */
		A02A46D31955A0100050144E /* Frameworks */ = {
			isa = PBXFrameworksBuildPhase;
			buildActionMask = 2147483647;
			files = (
			);
			runOnlyForDeploymentPostprocessing = 0;
		};
		A02A46E01955A0100050144E /* Frameworks */ = {
			isa = PBXFrameworksBuildPhase;
			buildActionMask = 2147483647;
			files = (
			);
			runOnlyForDeploymentPostprocessing = 0;
		};
/* End PBXFrameworksBuildPhase section */

/* Begin PBXGroup section */
		A02A46CD1955A0100050144E = {
			isa = PBXGroup;
			children = (
				A02A46D81955A0100050144E /* UITableViewDemo */,
				A02A46E61955A0100050144E /* UITableViewDemoTests */,
				A02A46D71955A0100050144E /* Products */,
			);
			sourceTree = "<group>";
		};
		A02A46D71955A0100050144E /* Products */ = {
			isa = PBXGroup;
			children = (
				A02A46D61955A0100050144E /* UITableViewDemo.app */,
				A02A46E31955A0100050144E /* UITableViewDemoTests.xctest */,
			);
			name = Products;
			sourceTree = "<group>";
		};
		A02A46D81955A0100050144E /* UITableViewDemo */ = {
			isa = PBXGroup;
			children = (
				A02A46DB1955A0100050144E /* AppDelegate.swift */,
				A0242D931955C4B2006831C5 /* SubViewController.swift */,
				A02A46DD1955A0100050144E /* Images.xcassets */,
				A02A46D91955A0100050144E /* Supporting Files */,
				A02A46F31955A0310050144E /* RootViewController.swift */,
			);
			path = UITableViewDemo;
			sourceTree = "<group>";
		};
		A02A46D91955A0100050144E /* Supporting Files */ = {
			isa = PBXGroup;
			children = (
				A06285D31955AF5D0079A920 /* green.png */,
				A02A46DA1955A0100050144E /* Info.plist */,
			);
			name = "Supporting Files";
			sourceTree = "<group>";
		};
		A02A46E61955A0100050144E /* UITableViewDemoTests */ = {
			isa = PBXGroup;
			children = (
				A02A46E91955A0100050144E /* UITableViewDemoTests.swift */,
				A02A46E71955A0100050144E /* Supporting Files */,
			);
			path = UITableViewDemoTests;
			sourceTree = "<group>";
		};
		A02A46E71955A0100050144E /* Supporting Files */ = {
			isa = PBXGroup;
			children = (
				A02A46E81955A0100050144E /* Info.plist */,
			);
			name = "Supporting Files";
			sourceTree = "<group>";
		};
/* End PBXGroup section */

/* Begin PBXNativeTarget section */
		A02A46D51955A0100050144E /* UITableViewDemo */ = {
			isa = PBXNativeTarget;
			buildConfigurationList = A02A46ED1955A0100050144E /* Build configuration list for PBXNativeTarget "UITableViewDemo" */;
			buildPhases = (
				A02A46D21955A0100050144E /* Sources */,
				A02A46D31955A0100050144E /* Frameworks */,
				A02A46D41955A0100050144E /* Resources */,
			);
			buildRules = (
			);
			dependencies = (
			);
			name = UITableViewDemo;
			productName = UITableViewDemo;
			productReference = A02A46D61955A0100050144E /* UITableViewDemo.app */;
			productType = "com.apple.product-type.application";
		};
		A02A46E21955A0100050144E /* UITableViewDemoTests */ = {
			isa = PBXNativeTarget;
			buildConfigurationList = A02A46F01955A0100050144E /* Build configuration list for PBXNativeTarget "UITableViewDemoTests" */;
			buildPhases = (
				A02A46DF1955A0100050144E /* Sources */,
				A02A46E01955A0100050144E /* Frameworks */,
				A02A46E11955A0100050144E /* Resources */,
			);
			buildRules = (
			);
			dependencies = (
				A02A46E51955A0100050144E /* PBXTargetDependency */,
			);
			name = UITableViewDemoTests;
			productName = UITableViewDemoTests;
			productReference = A02A46E31955A0100050144E /* UITableViewDemoTests.xctest */;
			productType = "com.apple.product-type.bundle.unit-test";
		};
/* End PBXNativeTarget section */

/* Begin PBXProject section */
		A02A46CE1955A0100050144E /* Project object */ = {
			isa = PBXProject;
			attributes = {
				LastUpgradeCheck = 0600;
				ORGANIZATIONNAME = "赵超";
				TargetAttributes = {
					A02A46D51955A0100050144E = {
						CreatedOnToolsVersion = 6.0;
					};
					A02A46E21955A0100050144E = {
						CreatedOnToolsVersion = 6.0;
						TestTargetID = A02A46D51955A0100050144E;
					};
				};
			};
			buildConfigurationList = A02A46D11955A0100050144E /* Build configuration list for PBXProject "UITableViewDemo" */;
			compatibilityVersion = "Xcode 3.2";
			developmentRegion = English;
			hasScannedForEncodings = 0;
			knownRegions = (
				en,
			);
			mainGroup = A02A46CD1955A0100050144E;
			productRefGroup = A02A46D71955A0100050144E /* Products */;
			projectDirPath = "";
			projectRoot = "";
			targets = (
				A02A46D51955A0100050144E /* UITableViewDemo */,
				A02A46E21955A0100050144E /* UITableViewDemoTests */,
			);
		};
/* End PBXProject section */

/* Begin PBXResourcesBuildPhase section */
		A02A46D41955A0100050144E /* Resources */ = {
			isa = PBXResourcesBuildPhase;
			buildActionMask = 2147483647;
			files = (
				A02A46DE1955A0100050144E /* Images.xcassets in Resources */,
				A06285D41955AF5D0079A920 /* green.png in Resources */,
			);
			runOnlyForDeploymentPostprocessing = 0;
		};
		A02A46E11955A0100050144E /* Resources */ = {
			isa = PBXResourcesBuildPhase;
			buildActionMask = 2147483647;
			files = (
			);
			runOnlyForDeploymentPostprocessing = 0;
		};
/* End PBXResourcesBuildPhase section */

/* Begin PBXSourcesBuildPhase section */
		A02A46D21955A0100050144E /* Sources */ = {
			isa = PBXSourcesBuildPhase;
			buildActionMask = 2147483647;
			files = (
				A0242D941955C4B2006831C5 /* SubViewController.swift in Sources */,
				A02A46F41955A0310050144E /* RootViewController.swift in Sources */,
				A02A46DC1955A0100050144E /* AppDelegate.swift in Sources */,
			);
			runOnlyForDeploymentPostprocessing = 0;
		};
		A02A46DF1955A0100050144E /* Sources */ = {
			isa = PBXSourcesBuildPhase;
			buildActionMask = 2147483647;
			files = (
				A02A46EA1955A0100050144E /* UITableViewDemoTests.swift in Sources */,
			);
			runOnlyForDeploymentPostprocessing = 0;
		};
/* End PBXSourcesBuildPhase section */

/* Begin PBXTargetDependency section */
		A02A46E51955A0100050144E /* PBXTargetDependency */ = {
			isa = PBXTargetDependency;
			target = A02A46D51955A0100050144E /* UITableViewDemo */;
			targetProxy = A02A46E41955A0100050144E /* PBXContainerItemProxy */;
		};
/* End PBXTargetDependency section */

/* Begin XCBuildConfiguration section */
		A02A46EB1955A0100050144E /* Debug */ = {
			isa = XCBuildConfiguration;
			buildSettings = {
				ALWAYS_SEARCH_USER_PATHS = NO;
				CLANG_CXX_LANGUAGE_STANDARD = "gnu++0x";
				CLANG_CXX_LIBRARY = "libc++";
				CLANG_ENABLE_MODULES = YES;
				CLANG_ENABLE_OBJC_ARC = YES;
				CLANG_WARN_BOOL_CONVERSION = YES;
				CLANG_WARN_CONSTANT_CONVERSION = YES;
				CLANG_WARN_DIRECT_OBJC_ISA_USAGE = YES_ERROR;
				CLANG_WARN_EMPTY_BODY = YES;
				CLANG_WARN_ENUM_CONVERSION = YES;
				CLANG_WARN_INT_CONVERSION = YES;
				CLANG_WARN_OBJC_ROOT_CLASS = YES_ERROR;
				CLANG_WARN_UNREACHABLE_CODE = YES;
				CLANG_WARN__DUPLICATE_METHOD_MATCH = YES;
				"CODE_SIGN_IDENTITY[sdk=iphoneos*]" = "iPhone Developer";
				COPY_PHASE_STRIP = NO;
				ENABLE_STRICT_OBJC_MSGSEND = YES;
				GCC_C_LANGUAGE_STANDARD = gnu99;
				GCC_DYNAMIC_NO_PIC = NO;
				GCC_OPTIMIZATION_LEVEL = 0;
				GCC_PREPROCESSOR_DEFINITIONS = (
					"DEBUG=1",
					"$(inherited)",
				);
				GCC_SYMBOLS_PRIVATE_EXTERN = NO;
				GCC_WARN_64_TO_32_BIT_CONVERSION = YES;
				GCC_WARN_ABOUT_RETURN_TYPE = YES_ERROR;
				GCC_WARN_UNDECLARED_SELECTOR = YES;
				GCC_WARN_UNINITIALIZED_AUTOS = YES_AGGRESSIVE;
				GCC_WARN_UNUSED_FUNCTION = YES;
				GCC_WARN_UNUSED_VARIABLE = YES;
				IPHONEOS_DEPLOYMENT_TARGET = 8.0;
				METAL_ENABLE_DEBUG_INFO = YES;
				ONLY_ACTIVE_ARCH = YES;
				SDKROOT = iphoneos;
				SWIFT_OPTIMIZATION_LEVEL = "-Onone";
			};
			name = Debug;
		};
		A02A46EC1955A0100050144E /* Release */ = {
			isa = XCBuildConfiguration;
			buildSettings = {
				ALWAYS_SEARCH_USER_PATHS = NO;
				CLANG_CXX_LANGUAGE_STANDARD = "gnu++0x";
				CLANG_CXX_LIBRARY = "libc++";
				CLANG_ENABLE_MODULES = YES;
				CLANG_ENABLE_OBJC_ARC = YES;
				CLANG_WARN_BOOL_CONVERSION = YES;
				CLANG_WARN_CONSTANT_CONVERSION = YES;
				CLANG_WARN_DIRECT_OBJC_ISA_USAGE = YES_ERROR;
				CLANG_WARN_EMPTY_BODY = YES;
				CLANG_WARN_ENUM_CONVERSION = YES;
				CLANG_WARN_INT_CONVERSION = YES;
				CLANG_WARN_OBJC_ROOT_CLASS = YES_ERROR;
				CLANG_WARN_UNREACHABLE_CODE = YES;
				CLANG_WARN__DUPLICATE_METHOD_MATCH = YES;
				"CODE_SIGN_IDENTITY[sdk=iphoneos*]" = "iPhone Developer";
				COPY_PHASE_STRIP = YES;
				ENABLE_NS_ASSERTIONS = NO;
				ENABLE_STRICT_OBJC_MSGSEND = YES;
				GCC_C_LANGUAGE_STANDARD = gnu99;
				GCC_WARN_64_TO_32_BIT_CONVERSION = YES;
				GCC_WARN_ABOUT_RETURN_TYPE = YES_ERROR;
				GCC_WARN_UNDECLARED_SELECTOR = YES;
				GCC_WARN_UNINITIALIZED_AUTOS = YES_AGGRESSIVE;
				GCC_WARN_UNUSED_FUNCTION = YES;
				GCC_WARN_UNUSED_VARIABLE = YES;
				IPHONEOS_DEPLOYMENT_TARGET = 8.0;
				METAL_ENABLE_DEBUG_INFO = NO;
				SDKROOT = iphoneos;
				VALIDATE_PRODUCT = YES;
			};
			name = Release;
		};
		A02A46EE1955A0100050144E /* Debug */ = {
			isa = XCBuildConfiguration;
			buildSettings = {
				ASSETCATALOG_COMPILER_APPICON_NAME = AppIcon;
				ASSETCATALOG_COMPILER_LAUNCHIMAGE_NAME = LaunchImage;
				INFOPLIST_FILE = UITableViewDemo/Info.plist;
				LD_RUNPATH_SEARCH_PATHS = "$(inherited) @executable_path/Frameworks";
				PRODUCT_NAME = "$(TARGET_NAME)";
			};
			name = Debug;
		};
		A02A46EF1955A0100050144E /* Release */ = {
			isa = XCBuildConfiguration;
			buildSettings = {
				ASSETCATALOG_COMPILER_APPICON_NAME = AppIcon;
				ASSETCATALOG_COMPILER_LAUNCHIMAGE_NAME = LaunchImage;
				INFOPLIST_FILE = UITableViewDemo/Info.plist;
				LD_RUNPATH_SEARCH_PATHS = "$(inherited) @executable_path/Frameworks";
				PRODUCT_NAME = "$(TARGET_NAME)";
			};
			name = Release;
		};
		A02A46F11955A0100050144E /* Debug */ = {
			isa = XCBuildConfiguration;
			buildSettings = {
				BUNDLE_LOADER = "$(BUILT_PRODUCTS_DIR)/UITableViewDemo.app/UITableViewDemo";
				FRAMEWORK_SEARCH_PATHS = (
					"$(SDKROOT)/Developer/Library/Frameworks",
					"$(inherited)",
				);
				GCC_PREPROCESSOR_DEFINITIONS = (
					"DEBUG=1",
					"$(inherited)",
				);
				INFOPLIST_FILE = UITableViewDemoTests/Info.plist;
				LD_RUNPATH_SEARCH_PATHS = "$(inherited) @executable_path/Frameworks @loader_path/Frameworks";
				METAL_ENABLE_DEBUG_INFO = YES;
				PRODUCT_NAME = "$(TARGET_NAME)";
				TEST_HOST = "$(BUNDLE_LOADER)";
			};
			name = Debug;
		};
		A02A46F21955A0100050144E /* Release */ = {
			isa = XCBuildConfiguration;
			buildSettings = {
				BUNDLE_LOADER = "$(BUILT_PRODUCTS_DIR)/UITableViewDemo.app/UITableViewDemo";
				FRAMEWORK_SEARCH_PATHS = (
					"$(SDKROOT)/Developer/Library/Frameworks",
					"$(inherited)",
				);
				INFOPLIST_FILE = UITableViewDemoTests/Info.plist;
				LD_RUNPATH_SEARCH_PATHS = "$(inherited) @executable_path/Frameworks @loader_path/Frameworks";
				METAL_ENABLE_DEBUG_INFO = NO;
				PRODUCT_NAME = "$(TARGET_NAME)";
				TEST_HOST = "$(BUNDLE_LOADER)";
			};
			name = Release;
		};
/* End XCBuildConfiguration section */

/* Begin XCConfigurationList section */
		A02A46D11955A0100050144E /* Build configuration list for PBXProject "UITableViewDemo" */ = {
			isa = XCConfigurationList;
			buildConfigurations = (
				A02A46EB1955A0100050144E /* Debug */,
				A02A46EC1955A0100050144E /* Release */,
			);
			defaultConfigurationIsVisible = 0;
			defaultConfigurationName = Release;
		};
		A02A46ED1955A0100050144E /* Build configuration list for PBXNativeTarget "UITableViewDemo" */ = {
			isa = XCConfigurationList;
			buildConfigurations = (
				A02A46EE1955A0100050144E /* Debug */,
				A02A46EF1955A0100050144E /* Release */,
			);
			defaultConfigurationIsVisible = 0;
			defaultConfigurationName = Release;
		};
		A02A46F01955A0100050144E /* Build configuration list for PBXNativeTarget "UITableViewDemoTests" */ = {
			isa = XCConfigurationList;
			buildConfigurations = (
				A02A46F11955A0100050144E /* Debug */,
				A02A46F21955A0100050144E /* Release */,
			);
			defaultConfigurationIsVisible = 0;
			defaultConfigurationName = Release;
		};
/* End XCConfigurationList section */
	};
	rootObject = A02A46CE1955A0100050144E /* Project object */;
}
